
Microsoft Visual Studio Solution File, Format Version 12.00
# Visual Studio 15
VisualStudioVersion = 15.0.28010.2026
MinimumVisualStudioVersion = 10.0.40219.1
Project("{8BC9CEB8-8B4A-11D0-8D11-00A0C91BC942}") = "18.12.15", "18.12.15\18.12.15.vcxproj", "{033AD2E1-CDE6-4520-A766-8A28C57B1413}"
EndProject
Global
	GlobalSection(SolutionConfigurationPlatforms) = preSolution
		Debug|x64 = Debug|x64
		Debug|x86 = Debug|x86
		Release|x64 = Release|x64
		Release|x86 = Release|x86
	EndGlobalSection
	GlobalSection(ProjectConfigurationPlatforms) = postSolution
		{033AD2E1-CDE6-4520-A766-8A28C57B1413}.Debug|x64.ActiveCfg = Debug|x64
		{033AD2E1-CDE6-4520-A766-8A28C57B1413}.Debug|x64.Build.0 = Debug|x64
		{033AD2E1-CDE6-4520-A766-8A28C57B1413}.Debug|x86.ActiveCfg = Debug|Win32
		{033AD2E1-CDE6-4520-A766-8A28C57B1413}.Debug|x86.Build.0 = Debug|Win32
		{033AD2E1-CDE6-4520-A766-8A28C57B1413}.Release|x64.ActiveCfg = Release|x64
		{033AD2E1-CDE6-4520-A766-8A28C57B1413}.Release|x64.Build.0 = Release|x64
		{033AD2E1-CDE6-4520-A766-8A28C57B1413}.Release|x86.ActiveCfg = Release|Win32
		{033AD2E1-CDE6-4520-A766-8A28C57B1413}.Release|x86.Build.0 = Release|Win32
	EndGlobalSection
	GlobalSection(SolutionProperties) = preSolution
		HideSolutionNode = FALSE
	EndGlobalSection
	GlobalSection(ExtensibilityGlobals) = postSolution
		SolutionGuid = {CBA1327A-8ABE-45C3-A91A-F9AD5AB5F7DB}
	EndGlobalSection
EndGlobal
